
Microsoft Visual Studio Solution File, Format Version 12.00
Project("{FAE04EC0-301F-11D3-BF4B-00C04F79EFBC}") = "BveExMultiPlaying.Common", "BveExMultiPlaying.Common\BveExMultiPlaying.Common.csproj", "{F95E290C-2574-49E1-916E-BEA27CD197A4}"
EndProject
Project("{FAE04EC0-301F-11D3-BF4B-00C04F79EFBC}") = "BveExMultiPlaying.Server", "BveExMultiPlaying.Server\BveExMultiPlaying.Server.csproj", "{14DC4D97-16D7-47A0-B751-98F655037331}"
EndProject
Project("{FAE04EC0-301F-11D3-BF4B-00C04F79EFBC}") = "BveExMultiPlaying.Client", "BveExMultiPlaying.Client\BveExMultiPlaying.Client.csproj", "{00CBF004-9A8C-4CFF-BD16-0EF89D6728B9}"
EndProject
Global
	GlobalSection(SolutionConfigurationPlatforms) = preSolution
		Debug|Any CPU = Debug|Any CPU
		Release|Any CPU = Release|Any CPU
	EndGlobalSection
	GlobalSection(ProjectConfigurationPlatforms) = postSolution
		{F95E290C-2574-49E1-916E-BEA27CD197A4}.Debug|Any CPU.ActiveCfg = Debug|Any CPU
		{F95E290C-2574-49E1-916E-BEA27CD197A4}.Debug|Any CPU.Build.0 = Debug|Any CPU
		{F95E290C-2574-49E1-916E-BEA27CD197A4}.Release|Any CPU.ActiveCfg = Release|Any CPU
		{F95E290C-2574-49E1-916E-BEA27CD197A4}.Release|Any CPU.Build.0 = Release|Any CPU
		{14DC4D97-16D7-47A0-B751-98F655037331}.Debug|Any CPU.ActiveCfg = Debug|Any CPU
		{14DC4D97-16D7-47A0-B751-98F655037331}.Debug|Any CPU.Build.0 = Debug|Any CPU
		{14DC4D97-16D7-47A0-B751-98F655037331}.Release|Any CPU.ActiveCfg = Release|Any CPU
		{14DC4D97-16D7-47A0-B751-98F655037331}.Release|Any CPU.Build.0 = Release|Any CPU
		{00CBF004-9A8C-4CFF-BD16-0EF89D6728B9}.Debug|Any CPU.ActiveCfg = Debug|Any CPU
		{00CBF004-9A8C-4CFF-BD16-0EF89D6728B9}.Debug|Any CPU.Build.0 = Debug|Any CPU
		{00CBF004-9A8C-4CFF-BD16-0EF89D6728B9}.Release|Any CPU.ActiveCfg = Release|Any CPU
		{00CBF004-9A8C-4CFF-BD16-0EF89D6728B9}.Release|Any CPU.Build.0 = Release|Any CPU
	EndGlobalSection
EndGlobal
